<?xml version="1.0" encoding="utf-8"?>
<Project ToolsVersion="4.0" xmlns="http://schemas.microsoft.com/developer/msbuild/2003">
  <ItemGroup>
    <Filter Include="Source Files">
      <UniqueIdentifier>{4FC737F1-C7A5-4376-A066-2A32D752A2FF}</UniqueIdentifier>
      <Extensions>cpp;c;cc;cxx;def;odl;idl;hpj;bat;asm;asmx</Extensions>
    </Filter>
    <Filter Include="Header Files">
      <UniqueIdentifier>{93995380-89BD-4b04-88EB-625FBE52EBFB}</UniqueIdentifier>
      <Extensions>h;hh;hpp;hxx;hm;inl;inc;xsd</Extensions>
    </Filter>
    <Filter Include="Resource Files">
      <UniqueIdentifier>{67DA6AB6-F800-4c08-8B7A-83BB121AAD01}</UniqueIdentifier>
      <Extensions>rc;ico;cur;bmp;dlg;rc2;rct;bin;rgs;gif;jpg;jpeg;jpe;resx;tiff;tif;png;wav;mfcribbon-ms</Extensions>
    </Filter>
    <Filter Include="shaders">
      <UniqueIdentifier>{d07caac1-35d1-4e5c-a79f-10075c2897ea}</UniqueIdentifier>
    </Filter>
    <Filter Include="shaders\pos_color">
      <UniqueIdentifier>{05645430-0276-4060-8b85-7aef79283273}</UniqueIdentifier>
    </Filter>
    <Filter Include="shaders\pox_color_tex">
      <UniqueIdentifier>{08267836-942c-4d85-a526-cef13f524672}</UniqueIdentifier>
    </Filter>
  </ItemGroup>
  <ItemGroup>
    <ClCompile Include="main.cpp">
      <Filter>Source Files</Filter>
    </ClCompile>
    <ClCompile Include="Camera3D.cpp">
      <Filter>Source Files</Filter>
    </ClCompile>
    <ClCompile Include="ShaderManager.cpp">
      <Filter>Source Files</Filter>
    </ClCompile>
    <ClCompile Include="Model.cpp">
      <Filter>Source Files</Filter>
    </ClCompile>
    <ClCompile Include="Renderer.cpp">
      <Filter>Source Files</Filter>
    </ClCompile>
    <ClCompile Include="Vertex.cpp">
      <Filter>Source Files</Filter>
    </ClCompile>
    <ClCompile Include="TimeCounter.cpp">
      <Filter>Source Files</Filter>
    </ClCompile>
    <ClCompile Include="Texture2D.cpp">
      <Filter>Source Files</Filter>
    </ClCompile>
    <ClCompile Include="GLENUM.h">
      <Filter>Source Files</Filter>
    </ClCompile>
    <ClCompile Include="Cube.cpp">
      <Filter>Source Files</Filter>
    </ClCompile>
  </ItemGroup>
  <ItemGroup>
    <ClInclude Include="Camera3D.h">
      <Filter>Source Files</Filter>
    </ClInclude>
    <ClInclude Include="ShaderManager.h">
      <Filter>Source Files</Filter>
    </ClInclude>
    <ClInclude Include="Model.h">
      <Filter>Source Files</Filter>
    </ClInclude>
    <ClInclude Include="Renderer.h">
      <Filter>Source Files</Filter>
    </ClInclude>
    <ClInclude Include="Vertex.h">
      <Filter>Source Files</Filter>
    </ClInclude>
    <ClInclude Include="TimeCounter.h">
      <Filter>Source Files</Filter>
    </ClInclude>
    <ClInclude Include="Texture2D.h">
      <Filter>Source Files</Filter>
    </ClInclude>
    <ClInclude Include="Cube.h">
      <Filter>Source Files</Filter>
    </ClInclude>
  </ItemGroup>
  <ItemGroup>
    <None Include="shaders\pos_color\simpleShader.frag">
      <Filter>shaders\pos_color</Filter>
    </None>
    <None Include="shaders\pos_color\simpleShader.vert">
      <Filter>shaders\pos_color</Filter>
    </None>
    <None Include="shaders\pos_color_tex\simpleShader.frag">
      <Filter>shaders\pox_color_tex</Filter>
    </None>
    <None Include="shaders\pos_color_tex\simpleShader.vert">
      <Filter>shaders\pox_color_tex</Filter>
    </None>
  </ItemGroup>
</Project>